// !$*UTF8*$!
{
	archiveVersion = 1;
	classes = {
	};
	objectVersion = 56;
	objects = {

/* Begin PBXBuildFile section */
		967792D829AC40C70081088B /* AppDelegate.swift in Sources */ = {isa = PBXBuildFile; fileRef = 967792D729AC40C70081088B /* AppDelegate.swift */; };
		967792DA29AC40C70081088B /* SceneDelegate.swift in Sources */ = {isa = PBXBuildFile; fileRef = 967792D929AC40C70081088B /* SceneDelegate.swift */; };
		967792DC29AC40C70081088B /* ViewController.swift in Sources */ = {isa = PBXBuildFile; fileRef = 967792DB29AC40C70081088B /* ViewController.swift */; };
		967792DF29AC40C70081088B /* Main.storyboard in Resources */ = {isa = PBXBuildFile; fileRef = 967792DD29AC40C70081088B /* Main.storyboard */; };
		967792E129AC40CA0081088B /* Assets.xcassets in Resources */ = {isa = PBXBuildFile; fileRef = 967792E029AC40CA0081088B /* Assets.xcassets */; };
		967792E429AC40CA0081088B /* LaunchScreen.storyboard in Resources */ = {isa = PBXBuildFile; fileRef = 967792E229AC40CA0081088B /* LaunchScreen.storyboard */; };
		967792EF29AC40CA0081088B /* AppleLogin_DemoTests.swift in Sources */ = {isa = PBXBuildFile; fileRef = 967792EE29AC40CA0081088B /* AppleLogin_DemoTests.swift */; };
		967792F929AC40CA0081088B /* AppleLogin_DemoUITests.swift in Sources */ = {isa = PBXBuildFile; fileRef = 967792F829AC40CA0081088B /* AppleLogin_DemoUITests.swift */; };
		967792FB29AC40CA0081088B /* AppleLogin_DemoUITestsLaunchTests.swift in Sources */ = {isa = PBXBuildFile; fileRef = 967792FA29AC40CA0081088B /* AppleLogin_DemoUITestsLaunchTests.swift */; };
/* End PBXBuildFile section */

/* Begin PBXContainerItemProxy section */
		967792EB29AC40CA0081088B /* PBXContainerItemProxy */ = {
			isa = PBXContainerItemProxy;
			containerPortal = 967792CC29AC40C70081088B /* Project object */;
			proxyType = 1;
			remoteGlobalIDString = 967792D329AC40C70081088B;
			remoteInfo = AppleLogin_Demo;
		};
		967792F529AC40CA0081088B /* PBXContainerItemProxy */ = {
			isa = PBXContainerItemProxy;
			containerPortal = 967792CC29AC40C70081088B /* Project object */;
			proxyType = 1;
			remoteGlobalIDString = 967792D329AC40C70081088B;
			remoteInfo = AppleLogin_Demo;
		};
/* End PBXContainerItemProxy section */

/* Begin PBXFileReference section */
		967792D429AC40C70081088B /* AppleLogin_Demo.app */ = {isa = PBXFileReference; explicitFileType = wrapper.application; includeInIndex = 0; path = AppleLogin_Demo.app; sourceTree = BUILT_PRODUCTS_DIR; };
		967792D729AC40C70081088B /* AppDelegate.swift */ = {isa = PBXFileReference; lastKnownFileType = sourcecode.swift; path = AppDelegate.swift; sourceTree = "<group>"; };
		967792D929AC40C70081088B /* SceneDelegate.swift */ = {isa = PBXFileReference; lastKnownFileType = sourcecode.swift; path = SceneDelegate.swift; sourceTree = "<group>"; };
		967792DB29AC40C70081088B /* ViewController.swift */ = {isa = PBXFileReference; lastKnownFileType = sourcecode.swift; path = ViewController.swift; sourceTree = "<group>"; };
		967792DE29AC40C70081088B /* Base */ = {isa = PBXFileReference; lastKnownFileType = file.storyboard; name = Base; path = Base.lproj/Main.storyboard; sourceTree = "<group>"; };
		967792E029AC40CA0081088B /* Assets.xcassets */ = {isa = PBXFileReference; lastKnownFileType = folder.assetcatalog; path = Assets.xcassets; sourceTree = "<group>"; };
		967792E329AC40CA0081088B /* Base */ = {isa = PBXFileReference; lastKnownFileType = file.storyboard; name = Base; path = Base.lproj/LaunchScreen.storyboard; sourceTree = "<group>"; };
		967792E529AC40CA0081088B /* Info.plist */ = {isa = PBXFileReference; lastKnownFileType = text.plist.xml; path = Info.plist; sourceTree = "<group>"; };
		967792EA29AC40CA0081088B /* AppleLogin_DemoTests.xctest */ = {isa = PBXFileReference; explicitFileType = wrapper.cfbundle; includeInIndex = 0; path = AppleLogin_DemoTests.xctest; sourceTree = BUILT_PRODUCTS_DIR; };
		967792EE29AC40CA0081088B /* AppleLogin_DemoTests.swift */ = {isa = PBXFileReference; lastKnownFileType = sourcecode.swift; path = AppleLogin_DemoTests.swift; sourceTree = "<group>"; };
		967792F429AC40CA0081088B /* AppleLogin_DemoUITests.xctest */ = {isa = PBXFileReference; explicitFileType = wrapper.cfbundle; includeInIndex = 0; path = AppleLogin_DemoUITests.xctest; sourceTree = BUILT_PRODUCTS_DIR; };
		967792F829AC40CA0081088B /* AppleLogin_DemoUITests.swift */ = {isa = PBXFileReference; lastKnownFileType = sourcecode.swift; path = AppleLogin_DemoUITests.swift; sourceTree = "<group>"; };
		967792FA29AC40CA0081088B /* AppleLogin_DemoUITestsLaunchTests.swift */ = {isa = PBXFileReference; lastKnownFileType = sourcecode.swift; path = AppleLogin_DemoUITestsLaunchTests.swift; sourceTree = "<group>"; };
/* End PBXFileReference section */

/* Begin PBXFrameworksBuildPhase section */
		967792D129AC40C70081088B /* Frameworks */ = {
			isa = PBXFrameworksBuildPhase;
			buildActionMask = 2147483647;
			files = (
			);
			runOnlyForDeploymentPostprocessing = 0;
		};
		967792E729AC40CA0081088B /* Frameworks */ = {
			isa = PBXFrameworksBuildPhase;
			buildActionMask = 2147483647;
			files = (
			);
			runOnlyForDeploymentPostprocessing = 0;
		};
		967792F129AC40CA0081088B /* Frameworks */ = {
			isa = PBXFrameworksBuildPhase;
			buildActionMask = 2147483647;
			files = (
			);
			runOnlyForDeploymentPostprocessing = 0;
		};
/* End PBXFrameworksBuildPhase section */

/* Begin PBXGroup section */
		967792CB29AC40C70081088B = {
			isa = PBXGroup;
			children = (
				967792D629AC40C70081088B /* AppleLogin_Demo */,
				967792ED29AC40CA0081088B /* AppleLogin_DemoTests */,
				967792F729AC40CA0081088B /* AppleLogin_DemoUITests */,
				967792D529AC40C70081088B /* Products */,
			);
			sourceTree = "<group>";
		};
		967792D529AC40C70081088B /* Products */ = {
			isa = PBXGroup;
			children = (
				967792D429AC40C70081088B /* AppleLogin_Demo.app */,
				967792EA29AC40CA0081088B /* AppleLogin_DemoTests.xctest */,
				967792F429AC40CA0081088B /* AppleLogin_DemoUITests.xctest */,
			);
			name = Products;
			sourceTree = "<group>";
		};
		967792D629AC40C70081088B /* AppleLogin_Demo */ = {
			isa = PBXGroup;
			children = (
				967792D729AC40C70081088B /* AppDelegate.swift */,
				967792D929AC40C70081088B /* SceneDelegate.swift */,
				967792DB29AC40C70081088B /* ViewController.swift */,
				967792DD29AC40C70081088B /* Main.storyboard */,
				967792E029AC40CA0081088B /* Assets.xcassets */,
				967792E229AC40CA0081088B /* LaunchScreen.storyboard */,
				967792E529AC40CA0081088B /* Info.plist */,
			);
			path = AppleLogin_Demo;
			sourceTree = "<group>";
		};
		967792ED29AC40CA0081088B /* AppleLogin_DemoTests */ = {
			isa = PBXGroup;
			children = (
				967792EE29AC40CA0081088B /* AppleLogin_DemoTests.swift */,
			);
			path = AppleLogin_DemoTests;
			sourceTree = "<group>";
		};
		967792F729AC40CA0081088B /* AppleLogin_DemoUITests */ = {
			isa = PBXGroup;
			children = (
				967792F829AC40CA0081088B /* AppleLogin_DemoUITests.swift */,
				967792FA29AC40CA0081088B /* AppleLogin_DemoUITestsLaunchTests.swift */,
			);
			path = AppleLogin_DemoUITests;
			sourceTree = "<group>";
		};
/* End PBXGroup section */

/* Begin PBXNativeTarget section */
		967792D329AC40C70081088B /* AppleLogin_Demo */ = {
			isa = PBXNativeTarget;
			buildConfigurationList = 967792FE29AC40CA0081088B /* Build configuration list for PBXNativeTarget "AppleLogin_Demo" */;
			buildPhases = (
				967792D029AC40C70081088B /* Sources */,
				967792D129AC40C70081088B /* Frameworks */,
				967792D229AC40C70081088B /* Resources */,
			);
			buildRules = (
			);
			dependencies = (
			);
			name = AppleLogin_Demo;
			productName = AppleLogin_Demo;
			productReference = 967792D429AC40C70081088B /* AppleLogin_Demo.app */;
			productType = "com.apple.product-type.application";
		};
		967792E929AC40CA0081088B /* AppleLogin_DemoTests */ = {
			isa = PBXNativeTarget;
			buildConfigurationList = 9677930129AC40CA0081088B /* Build configuration list for PBXNativeTarget "AppleLogin_DemoTests" */;
			buildPhases = (
				967792E629AC40CA0081088B /* Sources */,
				967792E729AC40CA0081088B /* Frameworks */,
				967792E829AC40CA0081088B /* Resources */,
			);
			buildRules = (
			);
			dependencies = (
				967792EC29AC40CA0081088B /* PBXTargetDependency */,
			);
			name = AppleLogin_DemoTests;
			productName = AppleLogin_DemoTests;
			productReference = 967792EA29AC40CA0081088B /* AppleLogin_DemoTests.xctest */;
			productType = "com.apple.product-type.bundle.unit-test";
		};
		967792F329AC40CA0081088B /* AppleLogin_DemoUITests */ = {
			isa = PBXNativeTarget;
			buildConfigurationList = 9677930429AC40CA0081088B /* Build configuration list for PBXNativeTarget "AppleLogin_DemoUITests" */;
			buildPhases = (
				967792F029AC40CA0081088B /* Sources */,
				967792F129AC40CA0081088B /* Frameworks */,
				967792F229AC40CA0081088B /* Resources */,
			);
			buildRules = (
			);
			dependencies = (
				967792F629AC40CA0081088B /* PBXTargetDependency */,
			);
			name = AppleLogin_DemoUITests;
			productName = AppleLogin_DemoUITests;
			productReference = 967792F429AC40CA0081088B /* AppleLogin_DemoUITests.xctest */;
			productType = "com.apple.product-type.bundle.ui-testing";
		};
/* End PBXNativeTarget section */

/* Begin PBXProject section */
		967792CC29AC40C70081088B /* Project object */ = {
			isa = PBXProject;
			attributes = {
				BuildIndependentTargetsInParallel = 1;
				LastSwiftUpdateCheck = 1420;
				LastUpgradeCheck = 1420;
				TargetAttributes = {
					967792D329AC40C70081088B = {
						CreatedOnToolsVersion = 14.2;
					};
					967792E929AC40CA0081088B = {
						CreatedOnToolsVersion = 14.2;
						TestTargetID = 967792D329AC40C70081088B;
					};
					967792F329AC40CA0081088B = {
						CreatedOnToolsVersion = 14.2;
						TestTargetID = 967792D329AC40C70081088B;
					};
				};
			};
			buildConfigurationList = 967792CF29AC40C70081088B /* Build configuration list for PBXProject "AppleLogin_Demo" */;
			compatibilityVersion = "Xcode 14.0";
			developmentRegion = en;
			hasScannedForEncodings = 0;
			knownRegions = (
				en,
				Base,
			);
			mainGroup = 967792CB29AC40C70081088B;
			productRefGroup = 967792D529AC40C70081088B /* Products */;
			projectDirPath = "";
			projectRoot = "";
			targets = (
				967792D329AC40C70081088B /* AppleLogin_Demo */,
				967792E929AC40CA0081088B /* AppleLogin_DemoTests */,
				967792F329AC40CA0081088B /* AppleLogin_DemoUITests */,
			);
		};
/* End PBXProject section */

/* Begin PBXResourcesBuildPhase section */
		967792D229AC40C70081088B /* Resources */ = {
			isa = PBXResourcesBuildPhase;
			buildActionMask = 2147483647;
			files = (
				967792E429AC40CA0081088B /* LaunchScreen.storyboard in Resources */,
				967792E129AC40CA0081088B /* Assets.xcassets in Resources */,
				967792DF29AC40C70081088B /* Main.storyboard in Resources */,
			);
			runOnlyForDeploymentPostprocessing = 0;
		};
		967792E829AC40CA0081088B /* Resources */ = {
			isa = PBXResourcesBuildPhase;
			buildActionMask = 2147483647;
			files = (
			);
			runOnlyForDeploymentPostprocessing = 0;
		};
		967792F229AC40CA0081088B /* Resources */ = {
			isa = PBXResourcesBuildPhase;
			buildActionMask = 2147483647;
			files = (
			);
			runOnlyForDeploymentPostprocessing = 0;
		};
/* End PBXResourcesBuildPhase section */

/* Begin PBXSourcesBuildPhase section */
		967792D029AC40C70081088B /* Sources */ = {
			isa = PBXSourcesBuildPhase;
			buildActionMask = 2147483647;
			files = (
				967792DC29AC40C70081088B /* ViewController.swift in Sources */,
				967792D829AC40C70081088B /* AppDelegate.swift in Sources */,
				967792DA29AC40C70081088B /* SceneDelegate.swift in Sources */,
			);
			runOnlyForDeploymentPostprocessing = 0;
		};
		967792E629AC40CA0081088B /* Sources */ = {
			isa = PBXSourcesBuildPhase;
			buildActionMask = 2147483647;
			files = (
				967792EF29AC40CA0081088B /* AppleLogin_DemoTests.swift in Sources */,
			);
			runOnlyForDeploymentPostprocessing = 0;
		};
		967792F029AC40CA0081088B /* Sources */ = {
			isa = PBXSourcesBuildPhase;
			buildActionMask = 2147483647;
			files = (
				967792FB29AC40CA0081088B /* AppleLogin_DemoUITestsLaunchTests.swift in Sources */,
				967792F929AC40CA0081088B /* AppleLogin_DemoUITests.swift in Sources */,
			);
			runOnlyForDeploymentPostprocessing = 0;
		};
/* End PBXSourcesBuildPhase section */

/* Begin PBXTargetDependency section */
		967792EC29AC40CA0081088B /* PBXTargetDependency */ = {
			isa = PBXTargetDependency;
			target = 967792D329AC40C70081088B /* AppleLogin_Demo */;
			targetProxy = 967792EB29AC40CA0081088B /* PBXContainerItemProxy */;
		};
		967792F629AC40CA0081088B /* PBXTargetDependency */ = {
			isa = PBXTargetDependency;
			target = 967792D329AC40C70081088B /* AppleLogin_Demo */;
			targetProxy = 967792F529AC40CA0081088B /* PBXContainerItemProxy */;
		};
/* End PBXTargetDependency section */

/* Begin PBXVariantGroup section */
		967792DD29AC40C70081088B /* Main.storyboard */ = {
			isa = PBXVariantGroup;
			children = (
				967792DE29AC40C70081088B /* Base */,
			);
			name = Main.storyboard;
			sourceTree = "<group>";
		};
		967792E229AC40CA0081088B /* LaunchScreen.storyboard */ = {
			isa = PBXVariantGroup;
			children = (
				967792E329AC40CA0081088B /* Base */,
			);
			name = LaunchScreen.storyboard;
			sourceTree = "<group>";
		};
/* End PBXVariantGroup section */

/* Begin XCBuildConfiguration section */
		967792FC29AC40CA0081088B /* Debug */ = {
			isa = XCBuildConfiguration;
			buildSettings = {
				ALWAYS_SEARCH_USER_PATHS = NO;
				CLANG_ANALYZER_NONNULL = YES;
				CLANG_ANALYZER_NUMBER_OBJECT_CONVERSION = YES_AGGRESSIVE;
				CLANG_CXX_LANGUAGE_STANDARD = "gnu++20";
				CLANG_ENABLE_MODULES = YES;
				CLANG_ENABLE_OBJC_ARC = YES;
				CLANG_ENABLE_OBJC_WEAK = YES;
				CLANG_WARN_BLOCK_CAPTURE_AUTORELEASING = YES;
				CLANG_WARN_BOOL_CONVERSION = YES;
				CLANG_WARN_COMMA = YES;
				CLANG_WARN_CONSTANT_CONVERSION = YES;
				CLANG_WARN_DEPRECATED_OBJC_IMPLEMENTATIONS = YES;
				CLANG_WARN_DIRECT_OBJC_ISA_USAGE = YES_ERROR;
				CLANG_WARN_DOCUMENTATION_COMMENTS = YES;
				CLANG_WARN_EMPTY_BODY = YES;
				CLANG_WARN_ENUM_CONVERSION = YES;
				CLANG_WARN_INFINITE_RECURSION = YES;
				CLANG_WARN_INT_CONVERSION = YES;
				CLANG_WARN_NON_LITERAL_NULL_CONVERSION = YES;
				CLANG_WARN_OBJC_IMPLICIT_RETAIN_SELF = YES;
				CLANG_WARN_OBJC_LITERAL_CONVERSION = YES;
				CLANG_WARN_OBJC_ROOT_CLASS = YES_ERROR;
				CLANG_WARN_QUOTED_INCLUDE_IN_FRAMEWORK_HEADER = YES;
				CLANG_WARN_RANGE_LOOP_ANALYSIS = YES;
				CLANG_WARN_STRICT_PROTOTYPES = YES;
				CLANG_WARN_SUSPICIOUS_MOVE = YES;
				CLANG_WARN_UNGUARDED_AVAILABILITY = YES_AGGRESSIVE;
				CLANG_WARN_UNREACHABLE_CODE = YES;
				CLANG_WARN__DUPLICATE_METHOD_MATCH = YES;
				COPY_PHASE_STRIP = NO;
				DEBUG_INFORMATION_FORMAT = dwarf;
				ENABLE_STRICT_OBJC_MSGSEND = YES;
				ENABLE_TESTABILITY = YES;
				GCC_C_LANGUAGE_STANDARD = gnu11;
				GCC_DYNAMIC_NO_PIC = NO;
				GCC_NO_COMMON_BLOCKS = YES;
				GCC_OPTIMIZATION_LEVEL = 0;
				GCC_PREPROCESSOR_DEFINITIONS = (
					"DEBUG=1",
					"$(inherited)",
				);
				GCC_WARN_64_TO_32_BIT_CONVERSION = YES;
				GCC_WARN_ABOUT_RETURN_TYPE = YES_ERROR;
				GCC_WARN_UNDECLARED_SELECTOR = YES;
				GCC_WARN_UNINITIALIZED_AUTOS = YES_AGGRESSIVE;
				GCC_WARN_UNUSED_FUNCTION = YES;
				GCC_WARN_UNUSED_VARIABLE = YES;
				IPHONEOS_DEPLOYMENT_TARGET = 16.2;
				MTL_ENABLE_DEBUG_INFO = INCLUDE_SOURCE;
				MTL_FAST_MATH = YES;
				ONLY_ACTIVE_ARCH = YES;
				SDKROOT = iphoneos;
				SWIFT_ACTIVE_COMPILATION_CONDITIONS = DEBUG;
				SWIFT_OPTIMIZATION_LEVEL = "-Onone";
			};
			name = Debug;
		};
		967792FD29AC40CA0081088B /* Release */ = {
			isa = XCBuildConfiguration;
			buildSettings = {
				ALWAYS_SEARCH_USER_PATHS = NO;
				CLANG_ANALYZER_NONNULL = YES;
				CLANG_ANALYZER_NUMBER_OBJECT_CONVERSION = YES_AGGRESSIVE;
				CLANG_CXX_LANGUAGE_STANDARD = "gnu++20";
				CLANG_ENABLE_MODULES = YES;
				CLANG_ENABLE_OBJC_ARC = YES;
				CLANG_ENABLE_OBJC_WEAK = YES;
				CLANG_WARN_BLOCK_CAPTURE_AUTORELEASING = YES;
				CLANG_WARN_BOOL_CONVERSION = YES;
				CLANG_WARN_COMMA = YES;
				CLANG_WARN_CONSTANT_CONVERSION = YES;
				CLANG_WARN_DEPRECATED_OBJC_IMPLEMENTATIONS = YES;
				CLANG_WARN_DIRECT_OBJC_ISA_USAGE = YES_ERROR;
				CLANG_WARN_DOCUMENTATION_COMMENTS = YES;
				CLANG_WARN_EMPTY_BODY = YES;
				CLANG_WARN_ENUM_CONVERSION = YES;
				CLANG_WARN_INFINITE_RECURSION = YES;
				CLANG_WARN_INT_CONVERSION = YES;
				CLANG_WARN_NON_LITERAL_NULL_CONVERSION = YES;
				CLANG_WARN_OBJC_IMPLICIT_RETAIN_SELF = YES;
				CLANG_WARN_OBJC_LITERAL_CONVERSION = YES;
				CLANG_WARN_OBJC_ROOT_CLASS = YES_ERROR;
				CLANG_WARN_QUOTED_INCLUDE_IN_FRAMEWORK_HEADER = YES;
				CLANG_WARN_RANGE_LOOP_ANALYSIS = YES;
				CLANG_WARN_STRICT_PROTOTYPES = YES;
				CLANG_WARN_SUSPICIOUS_MOVE = YES;
				CLANG_WARN_UNGUARDED_AVAILABILITY = YES_AGGRESSIVE;
				CLANG_WARN_UNREACHABLE_CODE = YES;
				CLANG_WARN__DUPLICATE_METHOD_MATCH = YES;
				COPY_PHASE_STRIP = NO;
				DEBUG_INFORMATION_FORMAT = "dwarf-with-dsym";
				ENABLE_NS_ASSERTIONS = NO;
				ENABLE_STRICT_OBJC_MSGSEND = YES;
				GCC_C_LANGUAGE_STANDARD = gnu11;
				GCC_NO_COMMON_BLOCKS = YES;
				GCC_WARN_64_TO_32_BIT_CONVERSION = YES;
				GCC_WARN_ABOUT_RETURN_TYPE = YES_ERROR;
				GCC_WARN_UNDECLARED_SELECTOR = YES;
				GCC_WARN_UNINITIALIZED_AUTOS = YES_AGGRESSIVE;
				GCC_WARN_UNUSED_FUNCTION = YES;
				GCC_WARN_UNUSED_VARIABLE = YES;
				IPHONEOS_DEPLOYMENT_TARGET = 16.2;
				MTL_ENABLE_DEBUG_INFO = NO;
				MTL_FAST_MATH = YES;
				SDKROOT = iphoneos;
				SWIFT_COMPILATION_MODE = wholemodule;
				SWIFT_OPTIMIZATION_LEVEL = "-O";
				VALIDATE_PRODUCT = YES;
			};
			name = Release;
		};
		967792FF29AC40CA0081088B /* Debug */ = {
			isa = XCBuildConfiguration;
			buildSettings = {
				ASSETCATALOG_COMPILER_APPICON_NAME = AppIcon;
				ASSETCATALOG_COMPILER_GLOBAL_ACCENT_COLOR_NAME = AccentColor;
				CODE_SIGN_STYLE = Automatic;
				CURRENT_PROJECT_VERSION = 1;
				DEVELOPMENT_TEAM = 9756F4T97F;
				GENERATE_INFOPLIST_FILE = YES;
				INFOPLIST_FILE = AppleLogin_Demo/Info.plist;
				INFOPLIST_KEY_UIApplicationSupportsIndirectInputEvents = YES;
				INFOPLIST_KEY_UILaunchStoryboardName = LaunchScreen;
				INFOPLIST_KEY_UIMainStoryboardFile = Main;
				INFOPLIST_KEY_UISupportedInterfaceOrientations_iPad = "UIInterfaceOrientationPortrait UIInterfaceOrientationPortraitUpsideDown UIInterfaceOrientationLandscapeLeft UIInterfaceOrientationLandscapeRight";
				INFOPLIST_KEY_UISupportedInterfaceOrientations_iPhone = "UIInterfaceOrientationPortrait UIInterfaceOrientationLandscapeLeft UIInterfaceOrientationLandscapeRight";
				LD_RUNPATH_SEARCH_PATHS = (
					"$(inherited)",
					"@executable_path/Frameworks",
				);
				MARKETING_VERSION = 1.0;
				PRODUCT_BUNDLE_IDENTIFIER = "com.wemakeprice.AppleLogin-Demo";
				PRODUCT_NAME = "$(TARGET_NAME)";
				SWIFT_EMIT_LOC_STRINGS = YES;
				SWIFT_VERSION = 5.0;
				TARGETED_DEVICE_FAMILY = "1,2";
			};
			name = Debug;
		};
		9677930029AC40CA0081088B /* Release */ = {
			isa = XCBuildConfiguration;
			buildSettings = {
				ASSETCATALOG_COMPILER_APPICON_NAME = AppIcon;
				ASSETCATALOG_COMPILER_GLOBAL_ACCENT_COLOR_NAME = AccentColor;
				CODE_SIGN_STYLE = Automatic;
				CURRENT_PROJECT_VERSION = 1;
				DEVELOPMENT_TEAM = 9756F4T97F;
				GENERATE_INFOPLIST_FILE = YES;
				INFOPLIST_FILE = AppleLogin_Demo/Info.plist;
				INFOPLIST_KEY_UIApplicationSupportsIndirectInputEvents = YES;
				INFOPLIST_KEY_UILaunchStoryboardName = LaunchScreen;
				INFOPLIST_KEY_UIMainStoryboardFile = Main;
				INFOPLIST_KEY_UISupportedInterfaceOrientations_iPad = "UIInterfaceOrientationPortrait UIInterfaceOrientationPortraitUpsideDown UIInterfaceOrientationLandscapeLeft UIInterfaceOrientationLandscapeRight";
				INFOPLIST_KEY_UISupportedInterfaceOrientations_iPhone = "UIInterfaceOrientationPortrait UIInterfaceOrientationLandscapeLeft UIInterfaceOrientationLandscapeRight";
				LD_RUNPATH_SEARCH_PATHS = (
					"$(inherited)",
					"@executable_path/Frameworks",
				);
				MARKETING_VERSION = 1.0;
				PRODUCT_BUNDLE_IDENTIFIER = "com.wemakeprice.AppleLogin-Demo";
				PRODUCT_NAME = "$(TARGET_NAME)";
				SWIFT_EMIT_LOC_STRINGS = YES;
				SWIFT_VERSION = 5.0;
				TARGETED_DEVICE_FAMILY = "1,2";
			};
			name = Release;
		};
		9677930229AC40CA0081088B /* Debug */ = {
			isa = XCBuildConfiguration;
			buildSettings = {
				ALWAYS_EMBED_SWIFT_STANDARD_LIBRARIES = YES;
				BUNDLE_LOADER = "$(TEST_HOST)";
				CODE_SIGN_STYLE = Automatic;
				CURRENT_PROJECT_VERSION = 1;
				DEVELOPMENT_TEAM = 9756F4T97F;
				GENERATE_INFOPLIST_FILE = YES;
				IPHONEOS_DEPLOYMENT_TARGET = 16.2;
				MARKETING_VERSION = 1.0;
				PRODUCT_BUNDLE_IDENTIFIER = "com.wemakeprice.AppleLogin-DemoTests";
				PRODUCT_NAME = "$(TARGET_NAME)";
				SWIFT_EMIT_LOC_STRINGS = NO;
				SWIFT_VERSION = 5.0;
				TARGETED_DEVICE_FAMILY = "1,2";
				TEST_HOST = "$(BUILT_PRODUCTS_DIR)/AppleLogin_Demo.app/$(BUNDLE_EXECUTABLE_FOLDER_PATH)/AppleLogin_Demo";
			};
			name = Debug;
		};
		9677930329AC40CA0081088B /* Release */ = {
			isa = XCBuildConfiguration;
			buildSettings = {
				ALWAYS_EMBED_SWIFT_STANDARD_LIBRARIES = YES;
				BUNDLE_LOADER = "$(TEST_HOST)";
				CODE_SIGN_STYLE = Automatic;
				CURRENT_PROJECT_VERSION = 1;
				DEVELOPMENT_TEAM = 9756F4T97F;
				GENERATE_INFOPLIST_FILE = YES;
				IPHONEOS_DEPLOYMENT_TARGET = 16.2;
				MARKETING_VERSION = 1.0;
				PRODUCT_BUNDLE_IDENTIFIER = "com.wemakeprice.AppleLogin-DemoTests";
				PRODUCT_NAME = "$(TARGET_NAME)";
				SWIFT_EMIT_LOC_STRINGS = NO;
				SWIFT_VERSION = 5.0;
				TARGETED_DEVICE_FAMILY = "1,2";
				TEST_HOST = "$(BUILT_PRODUCTS_DIR)/AppleLogin_Demo.app/$(BUNDLE_EXECUTABLE_FOLDER_PATH)/AppleLogin_Demo";
			};
			name = Release;
		};
		9677930529AC40CA0081088B /* Debug */ = {
			isa = XCBuildConfiguration;
			buildSettings = {
				ALWAYS_EMBED_SWIFT_STANDARD_LIBRARIES = YES;
				CODE_SIGN_STYLE = Automatic;
				CURRENT_PROJECT_VERSION = 1;
				DEVELOPMENT_TEAM = 9756F4T97F;
				GENERATE_INFOPLIST_FILE = YES;
				MARKETING_VERSION = 1.0;
				PRODUCT_BUNDLE_IDENTIFIER = "com.wemakeprice.AppleLogin-DemoUITests";
				PRODUCT_NAME = "$(TARGET_NAME)";
				SWIFT_EMIT_LOC_STRINGS = NO;
				SWIFT_VERSION = 5.0;
				TARGETED_DEVICE_FAMILY = "1,2";
				TEST_TARGET_NAME = AppleLogin_Demo;
			};
			name = Debug;
		};
		9677930629AC40CA0081088B /* Release */ = {
			isa = XCBuildConfiguration;
			buildSettings = {
				ALWAYS_EMBED_SWIFT_STANDARD_LIBRARIES = YES;
				CODE_SIGN_STYLE = Automatic;
				CURRENT_PROJECT_VERSION = 1;
				DEVELOPMENT_TEAM = 9756F4T97F;
				GENERATE_INFOPLIST_FILE = YES;
				MARKETING_VERSION = 1.0;
				PRODUCT_BUNDLE_IDENTIFIER = "com.wemakeprice.AppleLogin-DemoUITests";
				PRODUCT_NAME = "$(TARGET_NAME)";
				SWIFT_EMIT_LOC_STRINGS = NO;
				SWIFT_VERSION = 5.0;
				TARGETED_DEVICE_FAMILY = "1,2";
				TEST_TARGET_NAME = AppleLogin_Demo;
			};
			name = Release;
		};
/* End XCBuildConfiguration section */

/* Begin XCConfigurationList section */
		967792CF29AC40C70081088B /* Build configuration list for PBXProject "AppleLogin_Demo" */ = {
			isa = XCConfigurationList;
			buildConfigurations = (
				967792FC29AC40CA0081088B /* Debug */,
				967792FD29AC40CA0081088B /* Release */,
			);
			defaultConfigurationIsVisible = 0;
			defaultConfigurationName = Release;
		};
		967792FE29AC40CA0081088B /* Build configuration list for PBXNativeTarget "AppleLogin_Demo" */ = {
			isa = XCConfigurationList;
			buildConfigurations = (
				967792FF29AC40CA0081088B /* Debug */,
				9677930029AC40CA0081088B /* Release */,
			);
			defaultConfigurationIsVisible = 0;
			defaultConfigurationName = Release;
		};
		9677930129AC40CA0081088B /* Build configuration list for PBXNativeTarget "AppleLogin_DemoTests" */ = {
			isa = XCConfigurationList;
			buildConfigurations = (
				9677930229AC40CA0081088B /* Debug */,
				9677930329AC40CA0081088B /* Release */,
			);
			defaultConfigurationIsVisible = 0;
			defaultConfigurationName = Release;
		};
		9677930429AC40CA0081088B /* Build configuration list for PBXNativeTarget "AppleLogin_DemoUITests" */ = {
			isa = XCConfigurationList;
			buildConfigurations = (
				9677930529AC40CA0081088B /* Debug */,
				9677930629AC40CA0081088B /* Release */,
			);
			defaultConfigurationIsVisible = 0;
			defaultConfigurationName = Release;
		};
/* End XCConfigurationList section */
	};
	rootObject = 967792CC29AC40C70081088B /* Project object */;
}
